<?xml version="1.0" encoding="utf-8"?>
<Project ToolsVersion="4.0" xmlns="http://schemas.microsoft.com/developer/msbuild/2003">
  <ItemGroup>
    <Filter Include="Fichiers sources">
      <UniqueIdentifier>{4FC737F1-C7A5-4376-A066-2A32D752A2FF}</UniqueIdentifier>
      <Extensions>cpp;c;cc;cxx;c++;cppm;ixx;def;odl;idl;hpj;bat;asm;asmx</Extensions>
    </Filter>
    <Filter Include="Fichiers d%27en-tête">
      <UniqueIdentifier>{93995380-89BD-4b04-88EB-625FBE52EBFB}</UniqueIdentifier>
      <Extensions>h;hh;hpp;hxx;h++;hm;inl;inc;ipp;xsd</Extensions>
    </Filter>
    <Filter Include="Fichiers de ressources">
      <UniqueIdentifier>{67DA6AB6-F800-4c08-8B7A-83BB121AAD01}</UniqueIdentifier>
      <Extensions>rc;ico;cur;bmp;dlg;rc2;rct;bin;rgs;gif;jpg;jpeg;jpe;resx;tiff;tif;png;wav;mfcribbon-ms</Extensions>
    </Filter>
  </ItemGroup>
  <ItemGroup>
    <ClCompile Include="src\backends\ethercat\ec_backend.c">
      <Filter>Fichiers sources</Filter>
    </ClCompile>
    <ClCompile Include="src\backends\ethercat\ec_soem_lifecycle.c">
      <Filter>Fichiers sources</Filter>
    </ClCompile>
    <ClCompile Include="src\main.c">
      <Filter>Fichiers sources</Filter>
    </ClCompile>
    <ClCompile Include="src\core\runtime\runtime.c">
      <Filter>Fichiers sources</Filter>
    </ClCompile>
    <ClCompile Include="src\core\rt\rt_time.c">
      <Filter>Fichiers sources</Filter>
    </ClCompile>
    <ClCompile Include="src\core\status\status_tags.c">
      <Filter>Fichiers sources</Filter>
    </ClCompile>
    <ClCompile Include="src\core\tag\tag_api.c">
      <Filter>Fichiers sources</Filter>
    </ClCompile>
    <ClCompile Include="src\core\tag\tag_table.c">
      <Filter>Fichiers sources</Filter>
    </ClCompile>
    <ClCompile Include="src\devices\l230\l230_desc.c">
      <Filter>Fichiers sources</Filter>
    </ClCompile>
    <ClCompile Include="src\core\device\device_registry.c">
      <Filter>Fichiers sources</Filter>
    </ClCompile>
    <ClCompile Include="src\system\builder\device_registry_static.c">
      <Filter>Fichiers sources</Filter>
    </ClCompile>
    <ClCompile Include="src\app\user_entry.c">
      <Filter>Fichiers sources</Filter>
    </ClCompile>
    <ClCompile Include="src\app\io\io_bind.c">
      <Filter>Fichiers sources</Filter>
    </ClCompile>
    <ClCompile Include="src\app\diag\ethercat_diag.c">
      <Filter>Fichiers sources</Filter>
    </ClCompile>
    <ClCompile Include="src\app\plc\plc_tasks.c">
      <Filter>Fichiers sources</Filter>
    </ClCompile>
    <ClCompile Include="src\core\plc\plc_scheduler.c">
      <Filter>Fichiers sources</Filter>
    </ClCompile>
    <ClCompile Include="src\system\builder\system_builder.c">
      <Filter>Fichiers sources</Filter>
    </ClCompile>
    <ClCompile Include="src\app\config\config_static.c">
      <Filter>Fichiers sources</Filter>
    </ClCompile>
    <ClCompile Include="src\backends\modbus\mb_backend.c">
      <Filter>Fichiers sources</Filter>
    </ClCompile>
    <ClCompile Include="src\core\platform\platform_thread.c">
      <Filter>Fichiers sources</Filter>
    </ClCompile>
    <ClCompile Include="src\core\platform\platform_socket.c">
      <Filter>Fichiers sources</Filter>
    </ClCompile>
    <ClCompile Include="src\core\platform\platform_mem.c">
      <Filter>Fichiers sources</Filter>
    </ClCompile>
    <ClCompile Include="src\core\platform\platform_time.c">
      <Filter>Fichiers sources</Filter>
    </ClCompile>
    <ClCompile Include="src\core\ipc\spsc_ring.c">
      <Filter>Fichiers sources</Filter>
    </ClCompile>
    <ClCompile Include="src\core\ipc\tag_rpc.c">
      <Filter>Fichiers sources</Filter>
    </ClCompile>
    <ClCompile Include="src\core\ipc\tag_rpc_plc.c">
      <Filter>Fichiers sources</Filter>
    </ClCompile>
    <ClCompile Include="src\core\backend\backend_registry.c">
      <Filter>Fichiers sources</Filter>
    </ClCompile>
    <ClCompile Include="src\system\builder\backend_factories.c">
      <Filter>Fichiers sources</Filter>
    </ClCompile>
    <ClCompile Include="src\app\plc\plc_runtime.c">
      <Filter>Fichiers sources</Filter>
    </ClCompile>
    <ClCompile Include="src\services\tcp\tag_tcp_server.c">
      <Filter>Fichiers sources</Filter>
    </ClCompile>
  </ItemGroup>
  <ItemGroup>
    <ClInclude Include="src\core\backend\backend_iface.h">
      <Filter>Fichiers d%27en-tête</Filter>
    </ClInclude>
    <ClInclude Include="src\core\runtime\runtime.h">
      <Filter>Fichiers d%27en-tête</Filter>
    </ClInclude>
    <ClInclude Include="src\core\rt\rt_time.h">
      <Filter>Fichiers d%27en-tête</Filter>
    </ClInclude>
    <ClInclude Include="src\core\status\status_tags.h">
      <Filter>Fichiers d%27en-tête</Filter>
    </ClInclude>
    <ClInclude Include="src\core\tag\tag_api.h">
      <Filter>Fichiers d%27en-tête</Filter>
    </ClInclude>
    <ClInclude Include="src\core\tag\tag_table.h">
      <Filter>Fichiers d%27en-tête</Filter>
    </ClInclude>
    <ClInclude Include="src\devices\l230\l230_desc.h">
      <Filter>Fichiers d%27en-tête</Filter>
    </ClInclude>
    <ClInclude Include="src\core\device\device_registry.h">
      <Filter>Fichiers d%27en-tête</Filter>
    </ClInclude>
    <ClInclude Include="src\app\user_entry.h">
      <Filter>Fichiers d%27en-tête</Filter>
    </ClInclude>
    <ClInclude Include="src\core\device\device_desc.h">
      <Filter>Fichiers d%27en-tête</Filter>
    </ClInclude>
    <ClInclude Include="src\app\io\io_view.h">
      <Filter>Fichiers d%27en-tête</Filter>
    </ClInclude>
    <ClInclude Include="src\app\io\io_bind.h">
      <Filter>Fichiers d%27en-tête</Filter>
    </ClInclude>
    <ClInclude Include="src\app\plc\plc_app.h">
      <Filter>Fichiers d%27en-tête</Filter>
    </ClInclude>
    <ClInclude Include="src\app\plc\plc_tasks.h">
      <Filter>Fichiers d%27en-tête</Filter>
    </ClInclude>
    <ClInclude Include="src\app\plc\plc_runtime.h">
      <Filter>Fichiers d%27en-tête</Filter>
    </ClInclude>
    <ClInclude Include="src\app\diag\ethercat_diag.h">
      <Filter>Fichiers d%27en-tête</Filter>
    </ClInclude>
    <ClInclude Include="src\core\plc\plc_scheduler.h">
      <Filter>Fichiers d%27en-tête</Filter>
    </ClInclude>
    <ClInclude Include="src\core\plc\plc_task.h">
      <Filter>Fichiers d%27en-tête</Filter>
    </ClInclude>
    <ClInclude Include="src\system\builder\system_builder.h">
      <Filter>Fichiers d%27en-tête</Filter>
    </ClInclude>
    <ClInclude Include="src\app\config\config_static.h">
      <Filter>Fichiers d%27en-tête</Filter>
    </ClInclude>
    <ClInclude Include="src\backends\ethercat\ec_backend.h">
      <Filter>Fichiers d%27en-tête</Filter>
    </ClInclude>
    <ClInclude Include="src\backends\ethercat\ec_soem_lifecycle.h">
      <Filter>Fichiers d%27en-tête</Filter>
    </ClInclude>
    <ClInclude Include="src\backends\modbus\mb_backend.h">
      <Filter>Fichiers d%27en-tête</Filter>
    </ClInclude>
    <ClInclude Include="src\core\platform\platform_detect.h">
      <Filter>Fichiers d%27en-tête</Filter>
    </ClInclude>
    <ClInclude Include="src\core\platform\platform_atomic.h">
      <Filter>Fichiers d%27en-tête</Filter>
    </ClInclude>
    <ClInclude Include="src\core\platform\platform_mem.h">
      <Filter>Fichiers d%27en-tête</Filter>
    </ClInclude>
    <ClInclude Include="src\core\platform\platform_socket.h">
      <Filter>Fichiers d%27en-tête</Filter>
    </ClInclude>
    <ClInclude Include="src\core\platform\platform_thread.h">
      <Filter>Fichiers d%27en-tête</Filter>
    </ClInclude>
    <ClInclude Include="src\core\platform\platform_time.h">
      <Filter>Fichiers d%27en-tête</Filter>
    </ClInclude>
    <ClInclude Include="src\core\ipc\spsc_ring.h">
      <Filter>Fichiers d%27en-tête</Filter>
    </ClInclude>
    <ClInclude Include="src\core\ipc\tag_rpc.h">
      <Filter>Fichiers d%27en-tête</Filter>
    </ClInclude>
    <ClInclude Include="src\core\ipc\tag_rpc_plc.h">
      <Filter>Fichiers d%27en-tête</Filter>
    </ClInclude>
    <ClInclude Include="src\core\runtime\runtime_health.h">
      <Filter>Fichiers d%27en-tête</Filter>
    </ClInclude>
    <ClInclude Include="src\core\backend\backend_registry.h">
      <Filter>Fichiers d%27en-tête</Filter>
    </ClInclude>
    <ClInclude Include="src\app\plc\plc_task_ctx.h">
      <Filter>Fichiers d%27en-tête</Filter>
    </ClInclude>
    <ClInclude Include="src\services\tcp\tag_tcp_server.h">
      <Filter>Fichiers d%27en-tête</Filter>
    </ClInclude>
  </ItemGroup>
  <ItemGroup>
    <None Include="tests\README.md" />
    <None Include="src\system\builder\backend_list.def">
      <Filter>Fichiers sources</Filter>
    </None>
    <None Include="src\system\builder\device_list.def">
      <Filter>Fichiers sources</Filter>
    </None>
  </ItemGroup>
</Project>
