<?xml version="1.0" encoding="utf-8"?>
<Project ToolsVersion="4.0" xmlns="http://schemas.microsoft.com/developer/msbuild/2003">
  <ItemGroup>
    <Filter Include="Fichiers sources">
      <UniqueIdentifier>{4FC737F1-C7A5-4376-A066-2A32D752A2FF}</UniqueIdentifier>
      <Extensions>cpp;c;cc;cxx;c++;cppm;ixx;def;odl;idl;hpj;bat;asm;asmx</Extensions>
    </Filter>
    <Filter Include="Fichiers d%27en-tête">
      <UniqueIdentifier>{93995380-89BD-4b04-88EB-625FBE52EBFB}</UniqueIdentifier>
      <Extensions>h;hh;hpp;hxx;h++;hm;inl;inc;ipp;xsd</Extensions>
    </Filter>
    <Filter Include="Fichiers de ressources">
      <UniqueIdentifier>{67DA6AB6-F800-4c08-8B7A-83BB121AAD01}</UniqueIdentifier>
      <Extensions>rc;ico;cur;bmp;dlg;rc2;rct;bin;rgs;gif;jpg;jpeg;jpe;resx;tiff;tif;png;wav;mfcribbon-ms</Extensions>
    </Filter>
  </ItemGroup>
  <ItemGroup>
    <ClCompile Include="src\backends\ethercat\ec_backend.c">
      <Filter>Fichiers sources</Filter>
    </ClCompile>
    <ClCompile Include="src\apps\plc_runtime\main.c">
      <Filter>Fichiers sources</Filter>
    </ClCompile>
    <ClCompile Include="src\core\runtime\runtime.c">
      <Filter>Fichiers sources</Filter>
    </ClCompile>
    <ClCompile Include="src\core\rt\rt_time.c">
      <Filter>Fichiers sources</Filter>
    </ClCompile>
    <ClCompile Include="src\core\status\status_tags.c">
      <Filter>Fichiers sources</Filter>
    </ClCompile>
    <ClCompile Include="src\core\tag\tag_api.c">
      <Filter>Fichiers sources</Filter>
    </ClCompile>
    <ClCompile Include="src\core\tag\tag_table.c">
      <Filter>Fichiers sources</Filter>
    </ClCompile>
    <ClCompile Include="src\devices\l230\l230_desc.c">
      <Filter>Fichiers sources</Filter>
    </ClCompile>
    <ClCompile Include="src\devices\registry\device_registry.c">
      <Filter>Fichiers sources</Filter>
    </ClCompile>
    <ClCompile Include="src\plc\plc_app.c">
      <Filter>Fichiers sources</Filter>
    </ClCompile>
    <ClCompile Include="src\plc\plc_scheduler.c">
      <Filter>Fichiers sources</Filter>
    </ClCompile>
    <ClCompile Include="src\plc\plc_tasks_demo.c">
      <Filter>Fichiers sources</Filter>
    </ClCompile>
    <ClCompile Include="src\system\builder\system_builder.c">
      <Filter>Fichiers sources</Filter>
    </ClCompile>
    <ClCompile Include="src\system\config\config_static.c">
      <Filter>Fichiers sources</Filter>
    </ClCompile>
    <ClCompile Include="src\backends\modbus\mb_backend.c">
      <Filter>Fichiers sources</Filter>
    </ClCompile>
    <ClCompile Include="src\core\platform\platform_thread.c">
      <Filter>Fichiers sources</Filter>
    </ClCompile>
    <ClCompile Include="src\core\platform\platform_time.c">
      <Filter>Fichiers sources</Filter>
    </ClCompile>
    <ClCompile Include="tests\platform_test.c">
      <Filter>Fichiers sources</Filter>
    </ClCompile>
  </ItemGroup>
  <ItemGroup>
    <ClInclude Include="src\backends\backend_iface.h">
      <Filter>Fichiers d%27en-tête</Filter>
    </ClInclude>
    <ClInclude Include="src\core\runtime\runtime.h">
      <Filter>Fichiers d%27en-tête</Filter>
    </ClInclude>
    <ClInclude Include="src\core\rt\rt_time.h">
      <Filter>Fichiers d%27en-tête</Filter>
    </ClInclude>
    <ClInclude Include="src\core\status\status_tags.h">
      <Filter>Fichiers d%27en-tête</Filter>
    </ClInclude>
    <ClInclude Include="src\core\tag\tag_api.h">
      <Filter>Fichiers d%27en-tête</Filter>
    </ClInclude>
    <ClInclude Include="src\core\tag\tag_table.h">
      <Filter>Fichiers d%27en-tête</Filter>
    </ClInclude>
    <ClInclude Include="src\devices\l230\l230_desc.h">
      <Filter>Fichiers d%27en-tête</Filter>
    </ClInclude>
    <ClInclude Include="src\devices\registry\device_registry.h">
      <Filter>Fichiers d%27en-tête</Filter>
    </ClInclude>
    <ClInclude Include="src\devices\device_desc.h">
      <Filter>Fichiers d%27en-tête</Filter>
    </ClInclude>
    <ClInclude Include="src\plc\io_view.h">
      <Filter>Fichiers d%27en-tête</Filter>
    </ClInclude>
    <ClInclude Include="src\plc\plc_app.h">
      <Filter>Fichiers d%27en-tête</Filter>
    </ClInclude>
    <ClInclude Include="src\plc\plc_scheduler.h">
      <Filter>Fichiers d%27en-tête</Filter>
    </ClInclude>
    <ClInclude Include="src\plc\plc_task.h">
      <Filter>Fichiers d%27en-tête</Filter>
    </ClInclude>
    <ClInclude Include="src\plc\plc_tasks_demo.h">
      <Filter>Fichiers d%27en-tête</Filter>
    </ClInclude>
    <ClInclude Include="src\system\builder\system_builder.h">
      <Filter>Fichiers d%27en-tête</Filter>
    </ClInclude>
    <ClInclude Include="src\system\config\config_static.h">
      <Filter>Fichiers d%27en-tête</Filter>
    </ClInclude>
    <ClInclude Include="src\backends\ethercat\ec_backend.h">
      <Filter>Fichiers d%27en-tête</Filter>
    </ClInclude>
    <ClInclude Include="src\backends\modbus\mb_backend.h">
      <Filter>Fichiers d%27en-tête</Filter>
    </ClInclude>
    <ClInclude Include="src\core\platform\platform_detect.h">
      <Filter>Fichiers d%27en-tête</Filter>
    </ClInclude>
    <ClInclude Include="src\core\platform\platform_atomic.h">
      <Filter>Fichiers d%27en-tête</Filter>
    </ClInclude>
    <ClInclude Include="src\core\platform\platform_thread.h">
      <Filter>Fichiers d%27en-tête</Filter>
    </ClInclude>
    <ClInclude Include="src\core\platform\platform_time.h">
      <Filter>Fichiers d%27en-tête</Filter>
    </ClInclude>
  </ItemGroup>
  <ItemGroup>
    <None Include="tests\README.md" />
  </ItemGroup>
</Project>
