<?xml version="1.0" encoding="utf-8"?>
<Project ToolsVersion="4.0" xmlns="http://schemas.microsoft.com/developer/msbuild/2003">
  <ItemGroup>
    <ClCompile Include="src\core\backend\backend_registry.c" />
    <ClCompile Include="src\core\ipc\spsc_ring.c" />
    <ClCompile Include="src\core\ipc\tag_rpc.c" />
    <ClCompile Include="src\core\ipc\tag_rpc_plc.c" />
    <ClCompile Include="src\core\platform\platform_socket.c" />
    <ClCompile Include="src\core\platform\platform_thread.c" />
    <ClCompile Include="src\core\platform\platform_mem.c" />
    <ClCompile Include="src\core\platform\platform_time.c" />
    <ClCompile Include="src\core\runtime\runtime.c" />
    <ClCompile Include="src\core\rt\rt_time.c" />
    <ClCompile Include="src\core\status\status_tags.c" />
    <ClCompile Include="src\core\tag\tag_api.c" />
    <ClCompile Include="src\core\tag\tag_table.c" />
    <ClCompile Include="src\core\device\device_registry.c" />
    <ClCompile Include="src\backends\ethercat\ec_backend.c" />
    <ClCompile Include="src\backends\ethercat\ec_soem_lifecycle.c" />
    <ClCompile Include="src\backends\modbus\mb_backend.c" />
    <ClCompile Include="src\devices\l230\l230_desc.c" />
    <ClCompile Include="src\system\builder\backend_factories.c" />
    <ClCompile Include="src\system\builder\device_registry_static.c" />
    <ClCompile Include="src\system\builder\system_builder.c" />
    <ClCompile Include="src\services\tcp\tag_tcp_server.c" />
    <ClCompile Include="src\app\user_entry.c" />
    <ClCompile Include="src\app\io\io_bind.c" />
    <ClCompile Include="src\app\diag\ethercat_diag.c" />
    <ClCompile Include="src\app\plc\plc_tasks.c" />
    <ClCompile Include="src\app\plc_runtime.c" />
    <ClCompile Include="src\app\config\config_static.c" />
    <ClCompile Include="src\core\plc\plc_scheduler.c" />
    <ClCompile Include="src\main.c" />
    <ClCompile Include="src\devices\l400\l400_desc.c" />
  </ItemGroup>
  <ItemGroup>
    <ClInclude Include="src\app\plc\plc_task_ctx.h" />
    <ClInclude Include="src\core\backend\backend_config.h" />
    <ClInclude Include="src\core\backend\backend_iface.h" />
    <ClInclude Include="src\backends\ethercat\ec_backend.h" />
    <ClInclude Include="src\backends\ethercat\ec_soem_lifecycle.h" />
    <ClInclude Include="src\backends\modbus\mb_backend.h" />
    <ClInclude Include="src\core\backend\backend_registry.h" />
    <ClInclude Include="src\core\ipc\spsc_ring.h" />
    <ClInclude Include="src\core\ipc\tag_rpc.h" />
    <ClInclude Include="src\core\ipc\tag_rpc_plc.h" />
    <ClInclude Include="src\core\platform\platform_atomic.h" />
    <ClInclude Include="src\core\platform\platform_detect.h" />
    <ClInclude Include="src\core\platform\platform_mem.h" />
    <ClInclude Include="src\core\platform\platform_socket.h" />
    <ClInclude Include="src\core\platform\platform_thread.h" />
    <ClInclude Include="src\core\platform\platform_time.h" />
    <ClInclude Include="src\core\runtime\runtime_health.h" />
    <ClInclude Include="src\core\runtime\runtime.h" />
    <ClInclude Include="src\core\rt\rt_time.h" />
    <ClInclude Include="src\core\status\status_tags.h" />
    <ClInclude Include="src\core\tag\tag_api.h" />
    <ClInclude Include="src\core\tag\tag_table.h" />
    <ClInclude Include="src\core\device\device_desc.h" />
    <ClInclude Include="src\devices\l230\l230_desc.h" />
    <ClInclude Include="src\core\device\device_registry.h" />
    <ClInclude Include="src\app\user_entry.h" />
    <ClInclude Include="src\app\io\io_view.h" />
    <ClInclude Include="src\app\io\io_bind.h" />
    <ClInclude Include="src\app\plc\plc_app.h" />
    <ClInclude Include="src\app\plc\plc_tasks.h" />
    <ClInclude Include="src\app\plc_runtime.h" />
    <ClInclude Include="src\app\diag\ethercat_diag.h" />
    <ClInclude Include="src\core\plc\plc_scheduler.h" />
    <ClInclude Include="src\core\plc\plc_task.h" />
    <ClInclude Include="src\services\tcp\tag_tcp_server.h" />
    <ClInclude Include="src\system\builder\system_builder.h" />
    <ClInclude Include="src\app\config\config_static.h" />
    <ClInclude Include="src\devices\l400\l400_desc.h" />
  </ItemGroup>
  <ItemGroup>
    <None Include="src\system\builder\backend_list.def" />
    <None Include="src\system\builder\device_list.def" />
  </ItemGroup>
</Project>